
Microsoft Visual Studio Solution File, Format Version 12.00
# Visual Studio Version 17
VisualStudioVersion = 17.11.35222.181
MinimumVisualStudioVersion = 10.0.40219.1
Project("{FAE04EC0-301F-11D3-BF4B-00C04F79EFBC}") = "AquaFarmSimulator", "AquaFarmSimulator\AquaFarmSimulator.csproj", "{CF1344AA-9723-4FFA-AB0F-03675E09F2DC}"
EndProject
Global
	GlobalSection(SolutionConfigurationPlatforms) = preSolution
		Debug|Any CPU = Debug|Any CPU
		Release|Any CPU = Release|Any CPU
	EndGlobalSection
	GlobalSection(ProjectConfigurationPlatforms) = postSolution
		{CF1344AA-9723-4FFA-AB0F-03675E09F2DC}.Debug|Any CPU.ActiveCfg = Debug|Any CPU
		{CF1344AA-9723-4FFA-AB0F-03675E09F2DC}.Debug|Any CPU.Build.0 = Debug|Any CPU
		{CF1344AA-9723-4FFA-AB0F-03675E09F2DC}.Release|Any CPU.ActiveCfg = Release|Any CPU
		{CF1344AA-9723-4FFA-AB0F-03675E09F2DC}.Release|Any CPU.Build.0 = Release|Any CPU
	EndGlobalSection
	GlobalSection(SolutionProperties) = preSolution
		HideSolutionNode = FALSE
	EndGlobalSection
	GlobalSection(ExtensibilityGlobals) = postSolution
		SolutionGuid = {44731594-BE76-49CC-921F-37032239BD74}
	EndGlobalSection
EndGlobal
